
Microsoft Visual Studio Solution File, Format Version 12.00
# Visual Studio Version 17
VisualStudioVersion = 17.10.35122.118
MinimumVisualStudioVersion = 10.0.40219.1
Project("{FAE04EC0-301F-11D3-BF4B-00C04F79EFBC}") = "SimpleWatch", "SimpleWatch\SimpleWatch.csproj", "{1EA95D83-35E7-474F-B122-835DBDDB4F83}"
EndProject
Global
	GlobalSection(SolutionConfigurationPlatforms) = preSolution
		Debug|Any CPU = Debug|Any CPU
		Release|Any CPU = Release|Any CPU
	EndGlobalSection
	GlobalSection(ProjectConfigurationPlatforms) = postSolution
		{1EA95D83-35E7-474F-B122-835DBDDB4F83}.Debug|Any CPU.ActiveCfg = Debug|Any CPU
		{1EA95D83-35E7-474F-B122-835DBDDB4F83}.Debug|Any CPU.Build.0 = Debug|Any CPU
		{1EA95D83-35E7-474F-B122-835DBDDB4F83}.Release|Any CPU.ActiveCfg = Release|Any CPU
		{1EA95D83-35E7-474F-B122-835DBDDB4F83}.Release|Any CPU.Build.0 = Release|Any CPU
	EndGlobalSection
	GlobalSection(SolutionProperties) = preSolution
		HideSolutionNode = FALSE
	EndGlobalSection
	GlobalSection(ExtensibilityGlobals) = postSolution
		SolutionGuid = {4B07976F-BD90-4823-870C-3D47D11957BB}
	EndGlobalSection
EndGlobal
